
Microsoft Visual Studio Solution File, Format Version 12.00
# Visual Studio Version 17
VisualStudioVersion = 17.10.35122.118
MinimumVisualStudioVersion = 10.0.40219.1
Project("{FAE04EC0-301F-11D3-BF4B-00C04F79EFBC}") = "DocumentManagementSystem", "DocumentManagementSystem\DocumentManagementSystem.csproj", "{95B71B77-B54B-4703-9A85-C6B3C4EEB09E}"
EndProject
Global
	GlobalSection(SolutionConfigurationPlatforms) = preSolution
		Debug|Any CPU = Debug|Any CPU
		Release|Any CPU = Release|Any CPU
	EndGlobalSection
	GlobalSection(ProjectConfigurationPlatforms) = postSolution
		{95B71B77-B54B-4703-9A85-C6B3C4EEB09E}.Debug|Any CPU.ActiveCfg = Debug|Any CPU
		{95B71B77-B54B-4703-9A85-C6B3C4EEB09E}.Debug|Any CPU.Build.0 = Debug|Any CPU
		{95B71B77-B54B-4703-9A85-C6B3C4EEB09E}.Release|Any CPU.ActiveCfg = Release|Any CPU
		{95B71B77-B54B-4703-9A85-C6B3C4EEB09E}.Release|Any CPU.Build.0 = Release|Any CPU
	EndGlobalSection
	GlobalSection(SolutionProperties) = preSolution
		HideSolutionNode = FALSE
	EndGlobalSection
	GlobalSection(ExtensibilityGlobals) = postSolution
		SolutionGuid = {2CEC0F4F-BBA6-4CD5-843E-2F3F4E066005}
	EndGlobalSection
EndGlobal
